{
    "_readme": [
        "This file locks the dependencies of your project to a known state",
        "Read more about it at https://getcomposer.org/doc/01-basic-usage.md#installing-dependencies",
        "This file is @generated automatically"
    ],
    "content-hash": "0edcdc76a62dc3f4646d6e5a1d79543d",
    "packages": [
        {
            "name": "dothanhdat/hello-composer",
            "version": "v1.0",
            "source": {
                "type": "git",
                "url": "https://github.com/dothanhdat123/hello-composer.git",
                "reference": "0dfabb31eecf8830c0d97b6d5aaa84eab25d3601"
            },
            "dist": {
                "type": "zip",
                "url": "https://api.github.com/repos/dothanhdat123/hello-composer/zipball/0dfabb31eecf8830c0d97b6d5aaa84eab25d3601",
                "reference": "0dfabb31eecf8830c0d97b6d5aaa84eab25d3601",
                "shasum": ""
            },
            "type": "library",
            "autoload": {
                "psr-4": {
                    "dothanhdat\\HelloWorld\\": "src/"
                }
            },
            "notification-url": "https://packagist.org/downloads/",
            "license": [
                "MIT"
            ],
            "authors": [
                {
                    "name": "Ogbonna Vitalis",
                    "email": "agavitalisogbonna@gmail.com"
                }
            ],
            "description": "A simple hello world composer package",
            "time": "2019-09-26T07:16:57+00:00"
        }
    ],
    "packages-dev": [],
    "aliases": [],
    "minimum-stability": "stable",
    "stability-flags": [],
    "prefer-stable": false,
    "prefer-lowest": false,
    "platform": {
        "php": ">=5.3.0"
    },
    "platform-dev": []
}
